// !$*UTF8*$!
{
	archiveVersion = 1;
	classes = {
	};
	objectVersion = 50;
	objects = {

/* Begin PBXBuildFile section */
		15705AC326691213004AAF70 /* DayMarkApp.swift in Sources */ = {isa = PBXBuildFile; fileRef = 15705AC226691213004AAF70 /* DayMarkApp.swift */; };
		15705AC526691213004AAF70 /* ContentView.swift in Sources */ = {isa = PBXBuildFile; fileRef = 15705AC426691213004AAF70 /* ContentView.swift */; };
		15705AC726691217004AAF70 /* Assets.xcassets in Resources */ = {isa = PBXBuildFile; fileRef = 15705AC626691217004AAF70 /* Assets.xcassets */; };
		15705ACA26691217004AAF70 /* Preview Assets.xcassets in Resources */ = {isa = PBXBuildFile; fileRef = 15705AC926691217004AAF70 /* Preview Assets.xcassets */; };
		15705AD226691459004AAF70 /* CardItem.swift in Sources */ = {isa = PBXBuildFile; fileRef = 15705AD126691459004AAF70 /* CardItem.swift */; };
		15705AD426691C3D004AAF70 /* Mark.swift in Sources */ = {isa = PBXBuildFile; fileRef = 15705AD326691C3D004AAF70 /* Mark.swift */; };
		15705AD626692569004AAF70 /* EditCardView.swift in Sources */ = {isa = PBXBuildFile; fileRef = 15705AD526692568004AAF70 /* EditCardView.swift */; };
/* End PBXBuildFile section */

/* Begin PBXFileReference section */
		15705ABF26691213004AAF70 /* DayMark.app */ = {isa = PBXFileReference; explicitFileType = wrapper.application; includeInIndex = 0; path = DayMark.app; sourceTree = BUILT_PRODUCTS_DIR; };
		15705AC226691213004AAF70 /* DayMarkApp.swift */ = {isa = PBXFileReference; lastKnownFileType = sourcecode.swift; path = DayMarkApp.swift; sourceTree = "<group>"; };
		15705AC426691213004AAF70 /* ContentView.swift */ = {isa = PBXFileReference; lastKnownFileType = sourcecode.swift; path = ContentView.swift; sourceTree = "<group>"; };
		15705AC626691217004AAF70 /* Assets.xcassets */ = {isa = PBXFileReference; lastKnownFileType = folder.assetcatalog; path = Assets.xcassets; sourceTree = "<group>"; };
		15705AC926691217004AAF70 /* Preview Assets.xcassets */ = {isa = PBXFileReference; lastKnownFileType = folder.assetcatalog; path = "Preview Assets.xcassets"; sourceTree = "<group>"; };
		15705ACB26691217004AAF70 /* Info.plist */ = {isa = PBXFileReference; lastKnownFileType = text.plist.xml; path = Info.plist; sourceTree = "<group>"; };
		15705AD126691459004AAF70 /* CardItem.swift */ = {isa = PBXFileReference; lastKnownFileType = sourcecode.swift; path = CardItem.swift; sourceTree = "<group>"; };
		15705AD326691C3D004AAF70 /* Mark.swift */ = {isa = PBXFileReference; lastKnownFileType = sourcecode.swift; path = Mark.swift; sourceTree = "<group>"; };
		15705AD526692568004AAF70 /* EditCardView.swift */ = {isa = PBXFileReference; lastKnownFileType = sourcecode.swift; path = EditCardView.swift; sourceTree = "<group>"; };
/* End PBXFileReference section */

/* Begin PBXFrameworksBuildPhase section */
		15705ABC26691213004AAF70 /* Frameworks */ = {
			isa = PBXFrameworksBuildPhase;
			buildActionMask = 2147483647;
			files = (
			);
			runOnlyForDeploymentPostprocessing = 0;
		};
/* End PBXFrameworksBuildPhase section */

/* Begin PBXGroup section */
		15705AB626691213004AAF70 = {
			isa = PBXGroup;
			children = (
				15705AC126691213004AAF70 /* DayMark */,
				15705AC026691213004AAF70 /* Products */,
			);
			sourceTree = "<group>";
		};
		15705AC026691213004AAF70 /* Products */ = {
			isa = PBXGroup;
			children = (
				15705ABF26691213004AAF70 /* DayMark.app */,
			);
			name = Products;
			sourceTree = "<group>";
		};
		15705AC126691213004AAF70 /* DayMark */ = {
			isa = PBXGroup;
			children = (
				15705AC226691213004AAF70 /* DayMarkApp.swift */,
				15705AC426691213004AAF70 /* ContentView.swift */,
				15705AD526692568004AAF70 /* EditCardView.swift */,
				15705AD126691459004AAF70 /* CardItem.swift */,
				15705AD326691C3D004AAF70 /* Mark.swift */,
				15705AC626691217004AAF70 /* Assets.xcassets */,
				15705ACB26691217004AAF70 /* Info.plist */,
				15705AC826691217004AAF70 /* Preview Content */,
			);
			path = DayMark;
			sourceTree = "<group>";
		};
		15705AC826691217004AAF70 /* Preview Content */ = {
			isa = PBXGroup;
			children = (
				15705AC926691217004AAF70 /* Preview Assets.xcassets */,
			);
			path = "Preview Content";
			sourceTree = "<group>";
		};
/* End PBXGroup section */

/* Begin PBXNativeTarget section */
		15705ABE26691213004AAF70 /* DayMark */ = {
			isa = PBXNativeTarget;
			buildConfigurationList = 15705ACE26691217004AAF70 /* Build configuration list for PBXNativeTarget "DayMark" */;
			buildPhases = (
				15705ABB26691213004AAF70 /* Sources */,
				15705ABC26691213004AAF70 /* Frameworks */,
				15705ABD26691213004AAF70 /* Resources */,
			);
			buildRules = (
			);
			dependencies = (
			);
			name = DayMark;
			productName = DayMark;
			productReference = 15705ABF26691213004AAF70 /* DayMark.app */;
			productType = "com.apple.product-type.application";
		};
/* End PBXNativeTarget section */

/* Begin PBXProject section */
		15705AB726691213004AAF70 /* Project object */ = {
			isa = PBXProject;
			attributes = {
				LastSwiftUpdateCheck = 1250;
				LastUpgradeCheck = 1250;
				TargetAttributes = {
					15705ABE26691213004AAF70 = {
						CreatedOnToolsVersion = 12.5;
					};
				};
			};
			buildConfigurationList = 15705ABA26691213004AAF70 /* Build configuration list for PBXProject "DayMark" */;
			compatibilityVersion = "Xcode 9.3";
			developmentRegion = en;
			hasScannedForEncodings = 0;
			knownRegions = (
				en,
				Base,
			);
			mainGroup = 15705AB626691213004AAF70;
			productRefGroup = 15705AC026691213004AAF70 /* Products */;
			projectDirPath = "";
			projectRoot = "";
			targets = (
				15705ABE26691213004AAF70 /* DayMark */,
			);
		};
/* End PBXProject section */

/* Begin PBXResourcesBuildPhase section */
		15705ABD26691213004AAF70 /* Resources */ = {
			isa = PBXResourcesBuildPhase;
			buildActionMask = 2147483647;
			files = (
				15705ACA26691217004AAF70 /* Preview Assets.xcassets in Resources */,
				15705AC726691217004AAF70 /* Assets.xcassets in Resources */,
			);
			runOnlyForDeploymentPostprocessing = 0;
		};
/* End PBXResourcesBuildPhase section */

/* Begin PBXSourcesBuildPhase section */
		15705ABB26691213004AAF70 /* Sources */ = {
			isa = PBXSourcesBuildPhase;
			buildActionMask = 2147483647;
			files = (
				15705AD426691C3D004AAF70 /* Mark.swift in Sources */,
				15705AC526691213004AAF70 /* ContentView.swift in Sources */,
				15705AD626692569004AAF70 /* EditCardView.swift in Sources */,
				15705AC326691213004AAF70 /* DayMarkApp.swift in Sources */,
				15705AD226691459004AAF70 /* CardItem.swift in Sources */,
			);
			runOnlyForDeploymentPostprocessing = 0;
		};
/* End PBXSourcesBuildPhase section */

/* Begin XCBuildConfiguration section */
		15705ACC26691217004AAF70 /* Debug */ = {
			isa = XCBuildConfiguration;
			buildSettings = {
				ALWAYS_SEARCH_USER_PATHS = NO;
				CLANG_ANALYZER_NONNULL = YES;
				CLANG_ANALYZER_NUMBER_OBJECT_CONVERSION = YES_AGGRESSIVE;
				CLANG_CXX_LANGUAGE_STANDARD = "gnu++14";
				CLANG_CXX_LIBRARY = "libc++";
				CLANG_ENABLE_MODULES = YES;
				CLANG_ENABLE_OBJC_ARC = YES;
				CLANG_ENABLE_OBJC_WEAK = YES;
				CLANG_WARN_BLOCK_CAPTURE_AUTORELEASING = YES;
				CLANG_WARN_BOOL_CONVERSION = YES;
				CLANG_WARN_COMMA = YES;
				CLANG_WARN_CONSTANT_CONVERSION = YES;
				CLANG_WARN_DEPRECATED_OBJC_IMPLEMENTATIONS = YES;
				CLANG_WARN_DIRECT_OBJC_ISA_USAGE = YES_ERROR;
				CLANG_WARN_DOCUMENTATION_COMMENTS = YES;
				CLANG_WARN_EMPTY_BODY = YES;
				CLANG_WARN_ENUM_CONVERSION = YES;
				CLANG_WARN_INFINITE_RECURSION = YES;
				CLANG_WARN_INT_CONVERSION = YES;
				CLANG_WARN_NON_LITERAL_NULL_CONVERSION = YES;
				CLANG_WARN_OBJC_IMPLICIT_RETAIN_SELF = YES;
				CLANG_WARN_OBJC_LITERAL_CONVERSION = YES;
				CLANG_WARN_OBJC_ROOT_CLASS = YES_ERROR;
				CLANG_WARN_QUOTED_INCLUDE_IN_FRAMEWORK_HEADER = YES;
				CLANG_WARN_RANGE_LOOP_ANALYSIS = YES;
				CLANG_WARN_STRICT_PROTOTYPES = YES;
				CLANG_WARN_SUSPICIOUS_MOVE = YES;
				CLANG_WARN_UNGUARDED_AVAILABILITY = YES_AGGRESSIVE;
				CLANG_WARN_UNREACHABLE_CODE = YES;
				CLANG_WARN__DUPLICATE_METHOD_MATCH = YES;
				COPY_PHASE_STRIP = NO;
				DEBUG_INFORMATION_FORMAT = dwarf;
				ENABLE_STRICT_OBJC_MSGSEND = YES;
				ENABLE_TESTABILITY = YES;
				GCC_C_LANGUAGE_STANDARD = gnu11;
				GCC_DYNAMIC_NO_PIC = NO;
				GCC_NO_COMMON_BLOCKS = YES;
				GCC_OPTIMIZATION_LEVEL = 0;
				GCC_PREPROCESSOR_DEFINITIONS = (
					"DEBUG=1",
					"$(inherited)",
				);
				GCC_WARN_64_TO_32_BIT_CONVERSION = YES;
				GCC_WARN_ABOUT_RETURN_TYPE = YES_ERROR;
				GCC_WARN_UNDECLARED_SELECTOR = YES;
				GCC_WARN_UNINITIALIZED_AUTOS = YES_AGGRESSIVE;
				GCC_WARN_UNUSED_FUNCTION = YES;
				GCC_WARN_UNUSED_VARIABLE = YES;
				IPHONEOS_DEPLOYMENT_TARGET = 14.5;
				MTL_ENABLE_DEBUG_INFO = INCLUDE_SOURCE;
				MTL_FAST_MATH = YES;
				ONLY_ACTIVE_ARCH = YES;
				SDKROOT = iphoneos;
				SWIFT_ACTIVE_COMPILATION_CONDITIONS = DEBUG;
				SWIFT_OPTIMIZATION_LEVEL = "-Onone";
			};
			name = Debug;
		};
		15705ACD26691217004AAF70 /* Release */ = {
			isa = XCBuildConfiguration;
			buildSettings = {
				ALWAYS_SEARCH_USER_PATHS = NO;
				CLANG_ANALYZER_NONNULL = YES;
				CLANG_ANALYZER_NUMBER_OBJECT_CONVERSION = YES_AGGRESSIVE;
				CLANG_CXX_LANGUAGE_STANDARD = "gnu++14";
				CLANG_CXX_LIBRARY = "libc++";
				CLANG_ENABLE_MODULES = YES;
				CLANG_ENABLE_OBJC_ARC = YES;
				CLANG_ENABLE_OBJC_WEAK = YES;
				CLANG_WARN_BLOCK_CAPTURE_AUTORELEASING = YES;
				CLANG_WARN_BOOL_CONVERSION = YES;
				CLANG_WARN_COMMA = YES;
				CLANG_WARN_CONSTANT_CONVERSION = YES;
				CLANG_WARN_DEPRECATED_OBJC_IMPLEMENTATIONS = YES;
				CLANG_WARN_DIRECT_OBJC_ISA_USAGE = YES_ERROR;
				CLANG_WARN_DOCUMENTATION_COMMENTS = YES;
				CLANG_WARN_EMPTY_BODY = YES;
				CLANG_WARN_ENUM_CONVERSION = YES;
				CLANG_WARN_INFINITE_RECURSION = YES;
				CLANG_WARN_INT_CONVERSION = YES;
				CLANG_WARN_NON_LITERAL_NULL_CONVERSION = YES;
				CLANG_WARN_OBJC_IMPLICIT_RETAIN_SELF = YES;
				CLANG_WARN_OBJC_LITERAL_CONVERSION = YES;
				CLANG_WARN_OBJC_ROOT_CLASS = YES_ERROR;
				CLANG_WARN_QUOTED_INCLUDE_IN_FRAMEWORK_HEADER = YES;
				CLANG_WARN_RANGE_LOOP_ANALYSIS = YES;
				CLANG_WARN_STRICT_PROTOTYPES = YES;
				CLANG_WARN_SUSPICIOUS_MOVE = YES;
				CLANG_WARN_UNGUARDED_AVAILABILITY = YES_AGGRESSIVE;
				CLANG_WARN_UNREACHABLE_CODE = YES;
				CLANG_WARN__DUPLICATE_METHOD_MATCH = YES;
				COPY_PHASE_STRIP = NO;
				DEBUG_INFORMATION_FORMAT = "dwarf-with-dsym";
				ENABLE_NS_ASSERTIONS = NO;
				ENABLE_STRICT_OBJC_MSGSEND = YES;
				GCC_C_LANGUAGE_STANDARD = gnu11;
				GCC_NO_COMMON_BLOCKS = YES;
				GCC_WARN_64_TO_32_BIT_CONVERSION = YES;
				GCC_WARN_ABOUT_RETURN_TYPE = YES_ERROR;
				GCC_WARN_UNDECLARED_SELECTOR = YES;
				GCC_WARN_UNINITIALIZED_AUTOS = YES_AGGRESSIVE;
				GCC_WARN_UNUSED_FUNCTION = YES;
				GCC_WARN_UNUSED_VARIABLE = YES;
				IPHONEOS_DEPLOYMENT_TARGET = 14.5;
				MTL_ENABLE_DEBUG_INFO = NO;
				MTL_FAST_MATH = YES;
				SDKROOT = iphoneos;
				SWIFT_COMPILATION_MODE = wholemodule;
				SWIFT_OPTIMIZATION_LEVEL = "-O";
				VALIDATE_PRODUCT = YES;
			};
			name = Release;
		};
		15705ACF26691217004AAF70 /* Debug */ = {
			isa = XCBuildConfiguration;
			buildSettings = {
				ASSETCATALOG_COMPILER_APPICON_NAME = AppIcon;
				ASSETCATALOG_COMPILER_GLOBAL_ACCENT_COLOR_NAME = AccentColor;
				CODE_SIGN_STYLE = Automatic;
				DEVELOPMENT_ASSET_PATHS = "\"DayMark/Preview Content\"";
				ENABLE_PREVIEWS = YES;
				INFOPLIST_FILE = DayMark/Info.plist;
				IPHONEOS_DEPLOYMENT_TARGET = 14.0;
				LD_RUNPATH_SEARCH_PATHS = (
					"$(inherited)",
					"@executable_path/Frameworks",
				);
				PRODUCT_BUNDLE_IDENTIFIER = com.young.DayMark;
				PRODUCT_NAME = "$(TARGET_NAME)";
				SWIFT_VERSION = 5.0;
				TARGETED_DEVICE_FAMILY = "1,2";
			};
			name = Debug;
		};
		15705AD026691217004AAF70 /* Release */ = {
			isa = XCBuildConfiguration;
			buildSettings = {
				ASSETCATALOG_COMPILER_APPICON_NAME = AppIcon;
				ASSETCATALOG_COMPILER_GLOBAL_ACCENT_COLOR_NAME = AccentColor;
				CODE_SIGN_STYLE = Automatic;
				DEVELOPMENT_ASSET_PATHS = "\"DayMark/Preview Content\"";
				ENABLE_PREVIEWS = YES;
				INFOPLIST_FILE = DayMark/Info.plist;
				IPHONEOS_DEPLOYMENT_TARGET = 14.0;
				LD_RUNPATH_SEARCH_PATHS = (
					"$(inherited)",
					"@executable_path/Frameworks",
				);
				PRODUCT_BUNDLE_IDENTIFIER = com.young.DayMark;
				PRODUCT_NAME = "$(TARGET_NAME)";
				SWIFT_VERSION = 5.0;
				TARGETED_DEVICE_FAMILY = "1,2";
			};
			name = Release;
		};
/* End XCBuildConfiguration section */

/* Begin XCConfigurationList section */
		15705ABA26691213004AAF70 /* Build configuration list for PBXProject "DayMark" */ = {
			isa = XCConfigurationList;
			buildConfigurations = (
				15705ACC26691217004AAF70 /* Debug */,
				15705ACD26691217004AAF70 /* Release */,
			);
			defaultConfigurationIsVisible = 0;
			defaultConfigurationName = Release;
		};
		15705ACE26691217004AAF70 /* Build configuration list for PBXNativeTarget "DayMark" */ = {
			isa = XCConfigurationList;
			buildConfigurations = (
				15705ACF26691217004AAF70 /* Debug */,
				15705AD026691217004AAF70 /* Release */,
			);
			defaultConfigurationIsVisible = 0;
			defaultConfigurationName = Release;
		};
/* End XCConfigurationList section */
	};
	rootObject = 15705AB726691213004AAF70 /* Project object */;
}
